
Microsoft Visual Studio Solution File, Format Version 12.00
# Visual Studio Version 17
VisualStudioVersion = 17.9.34414.90
MinimumVisualStudioVersion = 10.0.40219.1
Project("{9A19103F-16F7-4668-BE54-9A1E7A4F7556}") = "ToDo.API", "ToDo.API\ToDo.API.csproj", "{ABA6BB5C-839C-4F4D-8889-DAE77FC4E2C7}"
EndProject
Project("{9A19103F-16F7-4668-BE54-9A1E7A4F7556}") = "User.API", "User.API\User.API.csproj", "{4C864AD7-37D4-4622-8CC9-C52D46EB9B51}"
EndProject
Project("{FAE04EC0-301F-11D3-BF4B-00C04F79EFBC}") = "OcelotGateway", "OcelotGateway\OcelotGateway.csproj", "{3950FA7B-08A7-49BF-9C4E-59795B724D47}"
EndProject
Global
	GlobalSection(SolutionConfigurationPlatforms) = preSolution
		Debug|Any CPU = Debug|Any CPU
		Release|Any CPU = Release|Any CPU
	EndGlobalSection
	GlobalSection(ProjectConfigurationPlatforms) = postSolution
		{ABA6BB5C-839C-4F4D-8889-DAE77FC4E2C7}.Debug|Any CPU.ActiveCfg = Debug|Any CPU
		{ABA6BB5C-839C-4F4D-8889-DAE77FC4E2C7}.Debug|Any CPU.Build.0 = Debug|Any CPU
		{ABA6BB5C-839C-4F4D-8889-DAE77FC4E2C7}.Release|Any CPU.ActiveCfg = Release|Any CPU
		{ABA6BB5C-839C-4F4D-8889-DAE77FC4E2C7}.Release|Any CPU.Build.0 = Release|Any CPU
		{4C864AD7-37D4-4622-8CC9-C52D46EB9B51}.Debug|Any CPU.ActiveCfg = Debug|Any CPU
		{4C864AD7-37D4-4622-8CC9-C52D46EB9B51}.Debug|Any CPU.Build.0 = Debug|Any CPU
		{4C864AD7-37D4-4622-8CC9-C52D46EB9B51}.Release|Any CPU.ActiveCfg = Release|Any CPU
		{4C864AD7-37D4-4622-8CC9-C52D46EB9B51}.Release|Any CPU.Build.0 = Release|Any CPU
		{3950FA7B-08A7-49BF-9C4E-59795B724D47}.Debug|Any CPU.ActiveCfg = Debug|Any CPU
		{3950FA7B-08A7-49BF-9C4E-59795B724D47}.Debug|Any CPU.Build.0 = Debug|Any CPU
		{3950FA7B-08A7-49BF-9C4E-59795B724D47}.Release|Any CPU.ActiveCfg = Release|Any CPU
		{3950FA7B-08A7-49BF-9C4E-59795B724D47}.Release|Any CPU.Build.0 = Release|Any CPU
	EndGlobalSection
	GlobalSection(SolutionProperties) = preSolution
		HideSolutionNode = FALSE
	EndGlobalSection
	GlobalSection(ExtensibilityGlobals) = postSolution
		SolutionGuid = {349A9A6E-FFED-4D2E-B9F8-0697B1343988}
	EndGlobalSection
EndGlobal
